Microsoft Visual Studio Solution File, Format Version 12.00
# Visual Studio Version 17
VisualStudioVersion = 17.13.35507.96
MinimumVisualStudioVersion = 10.0.40219.1
Project("{2150E333-8FDC-42A3-9474-1A3956D46DE8}") = "apiservices", "apiservices", "{99BA32F8-B3F1-4511-8835-D78DD0BD41C2}"
EndProject
Project("{FAE04EC0-301F-11D3-BF4B-00C04F79EFBC}") = "DBA.Identity", "apiservices\identity\DBA.Identity\DBA.Identity.csproj", "{34F2F150-EB3C-1B58-8376-99D267D74F64}"
EndProject
Project("{FAE04EC0-301F-11D3-BF4B-00C04F79EFBC}") = "DBA.AuthorizationCenter", "apiservices\identity\DBA.AuthorizationCenter\DBA.AuthorizationCenter.csproj", "{26ED59E8-700C-4619-2C1A-BB317AAB6569}"
EndProject
Project("{2150E333-8FDC-42A3-9474-1A3956D46DE8}") = "aspires", "aspires", "{0C8A43D7-9336-41A3-B291-50C1882E7D01}"
EndProject
Project("{FAE04EC0-301F-11D3-BF4B-00C04F79EFBC}") = "DBA.Article", "apiservices\article\DBA.Article\DBA.Article.csproj", "{35E3F23D-5FCD-4039-16CA-1BBDF27A1723}"
EndProject
Project("{2150E333-8FDC-42A3-9474-1A3956D46DE8}") = "framework", "framework", "{B03EA10A-886C-4C9B-89A4-C86DB94925F3}"
EndProject
Project("{FAE04EC0-301F-11D3-BF4B-00C04F79EFBC}") = "DBA.Article.Domain", "apiservices\article\DBA.Article.Domain\DBA.Article.Domain.csproj", "{937752D4-3F40-4E45-813C-4098FCD322AB}"
EndProject
Project("{FAE04EC0-301F-11D3-BF4B-00C04F79EFBC}") = "DBA.Identity.Domain", "apiservices\identity\DBA.Identity.Domain\DBA.Identity.Domain.csproj", "{D72CDDA7-FFA9-FDE0-1E0E-91D81D3D23EF}"
EndProject
Project("{FAE04EC0-301F-11D3-BF4B-00C04F79EFBC}") = "DBA.Identity.Infrastructure", "apiservices\identity\DBA.Identity.Infrastructure\DBA.Identity.Infrastructure.csproj", "{E4B567A9-45B8-B838-269F-96FB94149E37}"
EndProject
Project("{FAE04EC0-301F-11D3-BF4B-00C04F79EFBC}") = "DBA.Article.Infrastructure", "apiservices\article\DBA.Article.Infrastructure\DBA.Article.Infrastructure.csproj", "{6D0249FE-EEDB-4219-ADD9-3E9F6967BF19}"
EndProject
Project("{FAE04EC0-301F-11D3-BF4B-00C04F79EFBC}") = "DedsiBlogAspire.AppHost", "aspires\DedsiBlogAspire.AppHost\DedsiBlogAspire.AppHost.csproj", "{200DEB6E-CC76-4BD9-9816-1F64AFF6D065}"
EndProject
Project("{FAE04EC0-301F-11D3-BF4B-00C04F79EFBC}") = "DedsiBlogAspire.ServiceDefaults", "aspires\DedsiBlogAspire.ServiceDefaults\DedsiBlogAspire.ServiceDefaults.csproj", "{BE643D95-415D-4DAA-B544-5C8FD931773E}"
EndProject
Project("{FAE04EC0-301F-11D3-BF4B-00C04F79EFBC}") = "DBA.AspNetCore", "framework\DBA.AspNetCore\DBA.AspNetCore.csproj", "{9F8438D5-DA15-45E3-8AF1-0A77D44A5FE2}"
EndProject
Project("{FAE04EC0-301F-11D3-BF4B-00C04F79EFBC}") = "DBA.Domain", "framework\DBA.Domain\DBA.Domain.csproj", "{FE9EBD0F-B36A-4550-9A8C-ABBD35DB18E6}"
EndProject
Project("{FAE04EC0-301F-11D3-BF4B-00C04F79EFBC}") = "DBA.EFCore", "framework\DBA.EFCore\DBA.EFCore.csproj", "{B6BAA90C-316E-4062-958A-63EC861D707D}"
EndProject
Project("{FAE04EC0-301F-11D3-BF4B-00C04F79EFBC}") = "DBA.Infrastructure", "framework\DBA.Infrastructure\DBA.Infrastructure.csproj", "{51581528-098C-43AE-AAC1-B37B023B39DC}"
EndProject
Project("{2150E333-8FDC-42A3-9474-1A3956D46DE8}") = "Identity", "Identity", "{8BC37C32-4C84-4ED5-9660-AD21B728BC63}"
EndProject
Project("{2150E333-8FDC-42A3-9474-1A3956D46DE8}") = "Article", "Article", "{E2C397BD-FFA3-49E4-88E7-A9FA566870CD}"
EndProject
Global
	GlobalSection(SolutionConfigurationPlatforms) = preSolution
		Debug|Any CPU = Debug|Any CPU
		Release|Any CPU = Release|Any CPU
	EndGlobalSection
	GlobalSection(ProjectConfigurationPlatforms) = postSolution
		{34F2F150-EB3C-1B58-8376-99D267D74F64}.Debug|Any CPU.ActiveCfg = Debug|Any CPU
		{34F2F150-EB3C-1B58-8376-99D267D74F64}.Debug|Any CPU.Build.0 = Debug|Any CPU
		{34F2F150-EB3C-1B58-8376-99D267D74F64}.Release|Any CPU.ActiveCfg = Release|Any CPU
		{34F2F150-EB3C-1B58-8376-99D267D74F64}.Release|Any CPU.Build.0 = Release|Any CPU
		{26ED59E8-700C-4619-2C1A-BB317AAB6569}.Debug|Any CPU.ActiveCfg = Debug|Any CPU
		{26ED59E8-700C-4619-2C1A-BB317AAB6569}.Debug|Any CPU.Build.0 = Debug|Any CPU
		{26ED59E8-700C-4619-2C1A-BB317AAB6569}.Release|Any CPU.ActiveCfg = Release|Any CPU
		{26ED59E8-700C-4619-2C1A-BB317AAB6569}.Release|Any CPU.Build.0 = Release|Any CPU
		{35E3F23D-5FCD-4039-16CA-1BBDF27A1723}.Debug|Any CPU.ActiveCfg = Debug|Any CPU
		{35E3F23D-5FCD-4039-16CA-1BBDF27A1723}.Debug|Any CPU.Build.0 = Debug|Any CPU
		{35E3F23D-5FCD-4039-16CA-1BBDF27A1723}.Release|Any CPU.ActiveCfg = Release|Any CPU
		{35E3F23D-5FCD-4039-16CA-1BBDF27A1723}.Release|Any CPU.Build.0 = Release|Any CPU
		{937752D4-3F40-4E45-813C-4098FCD322AB}.Debug|Any CPU.ActiveCfg = Debug|Any CPU
		{937752D4-3F40-4E45-813C-4098FCD322AB}.Debug|Any CPU.Build.0 = Debug|Any CPU
		{937752D4-3F40-4E45-813C-4098FCD322AB}.Release|Any CPU.ActiveCfg = Release|Any CPU
		{937752D4-3F40-4E45-813C-4098FCD322AB}.Release|Any CPU.Build.0 = Release|Any CPU
		{D72CDDA7-FFA9-FDE0-1E0E-91D81D3D23EF}.Debug|Any CPU.ActiveCfg = Debug|Any CPU
		{D72CDDA7-FFA9-FDE0-1E0E-91D81D3D23EF}.Debug|Any CPU.Build.0 = Debug|Any CPU
		{D72CDDA7-FFA9-FDE0-1E0E-91D81D3D23EF}.Release|Any CPU.ActiveCfg = Release|Any CPU
		{D72CDDA7-FFA9-FDE0-1E0E-91D81D3D23EF}.Release|Any CPU.Build.0 = Release|Any CPU
		{E4B567A9-45B8-B838-269F-96FB94149E37}.Debug|Any CPU.ActiveCfg = Debug|Any CPU
		{E4B567A9-45B8-B838-269F-96FB94149E37}.Debug|Any CPU.Build.0 = Debug|Any CPU
		{E4B567A9-45B8-B838-269F-96FB94149E37}.Release|Any CPU.ActiveCfg = Release|Any CPU
		{E4B567A9-45B8-B838-269F-96FB94149E37}.Release|Any CPU.Build.0 = Release|Any CPU
		{6D0249FE-EEDB-4219-ADD9-3E9F6967BF19}.Debug|Any CPU.ActiveCfg = Debug|Any CPU
		{6D0249FE-EEDB-4219-ADD9-3E9F6967BF19}.Debug|Any CPU.Build.0 = Debug|Any CPU
		{6D0249FE-EEDB-4219-ADD9-3E9F6967BF19}.Release|Any CPU.ActiveCfg = Release|Any CPU
		{6D0249FE-EEDB-4219-ADD9-3E9F6967BF19}.Release|Any CPU.Build.0 = Release|Any CPU
		{200DEB6E-CC76-4BD9-9816-1F64AFF6D065}.Debug|Any CPU.ActiveCfg = Debug|Any CPU
		{200DEB6E-CC76-4BD9-9816-1F64AFF6D065}.Debug|Any CPU.Build.0 = Debug|Any CPU
		{200DEB6E-CC76-4BD9-9816-1F64AFF6D065}.Release|Any CPU.ActiveCfg = Release|Any CPU
		{200DEB6E-CC76-4BD9-9816-1F64AFF6D065}.Release|Any CPU.Build.0 = Release|Any CPU
		{BE643D95-415D-4DAA-B544-5C8FD931773E}.Debug|Any CPU.ActiveCfg = Debug|Any CPU
		{BE643D95-415D-4DAA-B544-5C8FD931773E}.Debug|Any CPU.Build.0 = Debug|Any CPU
		{BE643D95-415D-4DAA-B544-5C8FD931773E}.Release|Any CPU.ActiveCfg = Release|Any CPU
		{BE643D95-415D-4DAA-B544-5C8FD931773E}.Release|Any CPU.Build.0 = Release|Any CPU
		{9F8438D5-DA15-45E3-8AF1-0A77D44A5FE2}.Debug|Any CPU.ActiveCfg = Debug|Any CPU
		{9F8438D5-DA15-45E3-8AF1-0A77D44A5FE2}.Debug|Any CPU.Build.0 = Debug|Any CPU
		{9F8438D5-DA15-45E3-8AF1-0A77D44A5FE2}.Release|Any CPU.ActiveCfg = Release|Any CPU
		{9F8438D5-DA15-45E3-8AF1-0A77D44A5FE2}.Release|Any CPU.Build.0 = Release|Any CPU
		{FE9EBD0F-B36A-4550-9A8C-ABBD35DB18E6}.Debug|Any CPU.ActiveCfg = Debug|Any CPU
		{FE9EBD0F-B36A-4550-9A8C-ABBD35DB18E6}.Debug|Any CPU.Build.0 = Debug|Any CPU
		{FE9EBD0F-B36A-4550-9A8C-ABBD35DB18E6}.Release|Any CPU.ActiveCfg = Release|Any CPU
		{FE9EBD0F-B36A-4550-9A8C-ABBD35DB18E6}.Release|Any CPU.Build.0 = Release|Any CPU
		{B6BAA90C-316E-4062-958A-63EC861D707D}.Debug|Any CPU.ActiveCfg = Debug|Any CPU
		{B6BAA90C-316E-4062-958A-63EC861D707D}.Debug|Any CPU.Build.0 = Debug|Any CPU
		{B6BAA90C-316E-4062-958A-63EC861D707D}.Release|Any CPU.ActiveCfg = Release|Any CPU
		{B6BAA90C-316E-4062-958A-63EC861D707D}.Release|Any CPU.Build.0 = Release|Any CPU
		{51581528-098C-43AE-AAC1-B37B023B39DC}.Debug|Any CPU.ActiveCfg = Debug|Any CPU
		{51581528-098C-43AE-AAC1-B37B023B39DC}.Debug|Any CPU.Build.0 = Debug|Any CPU
		{51581528-098C-43AE-AAC1-B37B023B39DC}.Release|Any CPU.ActiveCfg = Release|Any CPU
		{51581528-098C-43AE-AAC1-B37B023B39DC}.Release|Any CPU.Build.0 = Release|Any CPU
	EndGlobalSection
	GlobalSection(SolutionProperties) = preSolution
		HideSolutionNode = FALSE
	EndGlobalSection
	GlobalSection(NestedProjects) = preSolution
		{200DEB6E-CC76-4BD9-9816-1F64AFF6D065} = {0C8A43D7-9336-41A3-B291-50C1882E7D01}
		{BE643D95-415D-4DAA-B544-5C8FD931773E} = {0C8A43D7-9336-41A3-B291-50C1882E7D01}
		{9F8438D5-DA15-45E3-8AF1-0A77D44A5FE2} = {B03EA10A-886C-4C9B-89A4-C86DB94925F3}
		{FE9EBD0F-B36A-4550-9A8C-ABBD35DB18E6} = {B03EA10A-886C-4C9B-89A4-C86DB94925F3}
		{B6BAA90C-316E-4062-958A-63EC861D707D} = {B03EA10A-886C-4C9B-89A4-C86DB94925F3}
		{51581528-098C-43AE-AAC1-B37B023B39DC} = {B03EA10A-886C-4C9B-89A4-C86DB94925F3}
		{8BC37C32-4C84-4ED5-9660-AD21B728BC63} = {99BA32F8-B3F1-4511-8835-D78DD0BD41C2}
		{E2C397BD-FFA3-49E4-88E7-A9FA566870CD} = {99BA32F8-B3F1-4511-8835-D78DD0BD41C2}
		{35E3F23D-5FCD-4039-16CA-1BBDF27A1723} = {E2C397BD-FFA3-49E4-88E7-A9FA566870CD}
		{937752D4-3F40-4E45-813C-4098FCD322AB} = {E2C397BD-FFA3-49E4-88E7-A9FA566870CD}
		{6D0249FE-EEDB-4219-ADD9-3E9F6967BF19} = {E2C397BD-FFA3-49E4-88E7-A9FA566870CD}
		{26ED59E8-700C-4619-2C1A-BB317AAB6569} = {8BC37C32-4C84-4ED5-9660-AD21B728BC63}
		{34F2F150-EB3C-1B58-8376-99D267D74F64} = {8BC37C32-4C84-4ED5-9660-AD21B728BC63}
		{D72CDDA7-FFA9-FDE0-1E0E-91D81D3D23EF} = {8BC37C32-4C84-4ED5-9660-AD21B728BC63}
		{E4B567A9-45B8-B838-269F-96FB94149E37} = {8BC37C32-4C84-4ED5-9660-AD21B728BC63}
	EndGlobalSection
	GlobalSection(ExtensibilityGlobals) = postSolution
		SolutionGuid = {A2603751-005B-4C0C-9C75-B549513BA80E}
	EndGlobalSection
EndGlobal
